
Microsoft Visual Studio Solution File, Format Version 11.00
# Visual Studio 2010
Project("{FAE04EC0-301F-11D3-BF4B-00C04F79EFBC}") = "CsoundUnity", "CsoundUnity.csproj", "{29FFB189-7CFA-4737-997B-82CC07B1D441}"
EndProject
Global
	GlobalSection(SolutionConfigurationPlatforms) = preSolution
		Debug|Any CPU = Debug|Any CPU
		Release|Any CPU = Release|Any CPU
	EndGlobalSection
	GlobalSection(ProjectConfigurationPlatforms) = postSolution
		{29FFB189-7CFA-4737-997B-82CC07B1D441}.Debug|Any CPU.ActiveCfg = Debug|Any CPU
		{29FFB189-7CFA-4737-997B-82CC07B1D441}.Debug|Any CPU.Build.0 = Debug|Any CPU
		{29FFB189-7CFA-4737-997B-82CC07B1D441}.Release|Any CPU.ActiveCfg = Release|Any CPU
		{29FFB189-7CFA-4737-997B-82CC07B1D441}.Release|Any CPU.Build.0 = Release|Any CPU
	EndGlobalSection
	GlobalSection(MonoDevelopProperties) = preSolution
		StartupItem = CsoundUnity.csproj
	EndGlobalSection
EndGlobal
