
Microsoft Visual Studio Solution File, Format Version 11.00
# Visual Studio 2010
Project("{FAE04EC0-301F-11D3-BF4B-00C04F79EFBC}") = "com.csound.unity", "com.csound.unity.csproj", "{DB79229C-709C-7DA6-B512-8612B16D9C6B}"
EndProject
Project("{FAE04EC0-301F-11D3-BF4B-00C04F79EFBC}") = "com.csound.unity.editor", "com.csound.unity.editor.csproj", "{16F123FE-F522-72EB-FB0D-FF43064820EF}"
EndProject
Global
	GlobalSection(SolutionConfigurationPlatforms) = preSolution
		Debug|Any CPU = Debug|Any CPU
		Release|Any CPU = Release|Any CPU
	EndGlobalSection
	GlobalSection(ProjectConfigurationPlatforms) = postSolution
		{DB79229C-709C-7DA6-B512-8612B16D9C6B}.Debug|Any CPU.ActiveCfg = Debug|Any CPU
		{DB79229C-709C-7DA6-B512-8612B16D9C6B}.Debug|Any CPU.Build.0 = Debug|Any CPU
		{DB79229C-709C-7DA6-B512-8612B16D9C6B}.Release|Any CPU.ActiveCfg = Release|Any CPU
		{DB79229C-709C-7DA6-B512-8612B16D9C6B}.Release|Any CPU.Build.0 = Release|Any CPU
		{16F123FE-F522-72EB-FB0D-FF43064820EF}.Debug|Any CPU.ActiveCfg = Debug|Any CPU
		{16F123FE-F522-72EB-FB0D-FF43064820EF}.Debug|Any CPU.Build.0 = Debug|Any CPU
		{16F123FE-F522-72EB-FB0D-FF43064820EF}.Release|Any CPU.ActiveCfg = Release|Any CPU
		{16F123FE-F522-72EB-FB0D-FF43064820EF}.Release|Any CPU.Build.0 = Release|Any CPU
	EndGlobalSection
	GlobalSection(SolutionProperties) = preSolution
		HideSolutionNode = FALSE
	EndGlobalSection
EndGlobal
