// !$*UTF8*$!
{
	archiveVersion = 1;
	classes = {
	};
	objectVersion = 46;
	objects = {

/* Begin PBXBuildFile section */
		614380821EF3F3C100B2F6D8 /* CsoundUnityNativePlugin.cpp in Sources */ = {isa = PBXBuildFile; fileRef = 614380801EF3F3C100B2F6D8 /* CsoundUnityNativePlugin.cpp */; };
		614380851EF3F46B00B2F6D8 /* CsoundLib64.framework in Frameworks */ = {isa = PBXBuildFile; fileRef = 614380841EF3F46B00B2F6D8 /* CsoundLib64.framework */; };
/* End PBXBuildFile section */

/* Begin PBXFileReference section */
		614380771EF3F28D00B2F6D8 /* CsoundUnity.bundle */ = {isa = PBXFileReference; explicitFileType = wrapper.cfbundle; includeInIndex = 0; path = CsoundUnity.bundle; sourceTree = BUILT_PRODUCTS_DIR; };
		6143807A1EF3F28D00B2F6D8 /* Info.plist */ = {isa = PBXFileReference; lastKnownFileType = text.plist.xml; path = Info.plist; sourceTree = "<group>"; };
		614380801EF3F3C100B2F6D8 /* CsoundUnityNativePlugin.cpp */ = {isa = PBXFileReference; fileEncoding = 4; lastKnownFileType = sourcecode.cpp.cpp; path = CsoundUnityNativePlugin.cpp; sourceTree = "<group>"; };
		614380811EF3F3C100B2F6D8 /* CsoundUnityNativePlugin.hpp */ = {isa = PBXFileReference; fileEncoding = 4; lastKnownFileType = sourcecode.cpp.h; path = CsoundUnityNativePlugin.hpp; sourceTree = "<group>"; };
		614380841EF3F46B00B2F6D8 /* CsoundLib64.framework */ = {isa = PBXFileReference; lastKnownFileType = wrapper.framework; name = CsoundLib64.framework; path = ../../../../../../Library/Frameworks/CsoundLib64.framework; sourceTree = "<group>"; };
/* End PBXFileReference section */

/* Begin PBXFrameworksBuildPhase section */
		614380741EF3F28C00B2F6D8 /* Frameworks */ = {
			isa = PBXFrameworksBuildPhase;
			buildActionMask = 2147483647;
			files = (
				614380851EF3F46B00B2F6D8 /* CsoundLib64.framework in Frameworks */,
			);
			runOnlyForDeploymentPostprocessing = 0;
		};
/* End PBXFrameworksBuildPhase section */

/* Begin PBXGroup section */
		6143806E1EF3F28C00B2F6D8 = {
			isa = PBXGroup;
			children = (
				614380791EF3F28D00B2F6D8 /* CsoundUnity */,
				614380781EF3F28D00B2F6D8 /* Products */,
				614380831EF3F46B00B2F6D8 /* Frameworks */,
			);
			sourceTree = "<group>";
		};
		614380781EF3F28D00B2F6D8 /* Products */ = {
			isa = PBXGroup;
			children = (
				614380771EF3F28D00B2F6D8 /* CsoundUnity.bundle */,
			);
			name = Products;
			sourceTree = "<group>";
		};
		614380791EF3F28D00B2F6D8 /* CsoundUnity */ = {
			isa = PBXGroup;
			children = (
				6143807A1EF3F28D00B2F6D8 /* Info.plist */,
				614380801EF3F3C100B2F6D8 /* CsoundUnityNativePlugin.cpp */,
				614380811EF3F3C100B2F6D8 /* CsoundUnityNativePlugin.hpp */,
			);
			path = CsoundUnity;
			sourceTree = "<group>";
		};
		614380831EF3F46B00B2F6D8 /* Frameworks */ = {
			isa = PBXGroup;
			children = (
				614380841EF3F46B00B2F6D8 /* CsoundLib64.framework */,
			);
			name = Frameworks;
			sourceTree = "<group>";
		};
/* End PBXGroup section */

/* Begin PBXNativeTarget section */
		614380761EF3F28C00B2F6D8 /* CsoundUnity */ = {
			isa = PBXNativeTarget;
			buildConfigurationList = 6143807D1EF3F28D00B2F6D8 /* Build configuration list for PBXNativeTarget "CsoundUnity" */;
			buildPhases = (
				614380731EF3F28C00B2F6D8 /* Sources */,
				614380741EF3F28C00B2F6D8 /* Frameworks */,
				614380751EF3F28C00B2F6D8 /* Resources */,
			);
			buildRules = (
			);
			dependencies = (
			);
			name = CsoundUnity;
			productName = CsoundUnity;
			productReference = 614380771EF3F28D00B2F6D8 /* CsoundUnity.bundle */;
			productType = "com.apple.product-type.bundle";
		};
/* End PBXNativeTarget section */

/* Begin PBXProject section */
		6143806F1EF3F28C00B2F6D8 /* Project object */ = {
			isa = PBXProject;
			attributes = {
				LastUpgradeCheck = 0820;
				ORGANIZATIONNAME = cabbageaudio;
				TargetAttributes = {
					614380761EF3F28C00B2F6D8 = {
						CreatedOnToolsVersion = 8.2.1;
						ProvisioningStyle = Automatic;
					};
				};
			};
			buildConfigurationList = 614380721EF3F28C00B2F6D8 /* Build configuration list for PBXProject "CsoundUnity" */;
			compatibilityVersion = "Xcode 3.2";
			developmentRegion = English;
			hasScannedForEncodings = 0;
			knownRegions = (
				en,
			);
			mainGroup = 6143806E1EF3F28C00B2F6D8;
			productRefGroup = 614380781EF3F28D00B2F6D8 /* Products */;
			projectDirPath = "";
			projectRoot = "";
			targets = (
				614380761EF3F28C00B2F6D8 /* CsoundUnity */,
			);
		};
/* End PBXProject section */

/* Begin PBXResourcesBuildPhase section */
		614380751EF3F28C00B2F6D8 /* Resources */ = {
			isa = PBXResourcesBuildPhase;
			buildActionMask = 2147483647;
			files = (
			);
			runOnlyForDeploymentPostprocessing = 0;
		};
/* End PBXResourcesBuildPhase section */

/* Begin PBXSourcesBuildPhase section */
		614380731EF3F28C00B2F6D8 /* Sources */ = {
			isa = PBXSourcesBuildPhase;
			buildActionMask = 2147483647;
			files = (
				614380821EF3F3C100B2F6D8 /* CsoundUnityNativePlugin.cpp in Sources */,
			);
			runOnlyForDeploymentPostprocessing = 0;
		};
/* End PBXSourcesBuildPhase section */

/* Begin XCBuildConfiguration section */
		6143807B1EF3F28D00B2F6D8 /* Debug */ = {
			isa = XCBuildConfiguration;
			buildSettings = {
				ALWAYS_SEARCH_USER_PATHS = NO;
				CLANG_ANALYZER_NONNULL = YES;
				CLANG_CXX_LANGUAGE_STANDARD = "gnu++0x";
				CLANG_CXX_LIBRARY = "libc++";
				CLANG_ENABLE_MODULES = YES;
				CLANG_ENABLE_OBJC_ARC = YES;
				CLANG_WARN_BOOL_CONVERSION = YES;
				CLANG_WARN_CONSTANT_CONVERSION = YES;
				CLANG_WARN_DIRECT_OBJC_ISA_USAGE = YES_ERROR;
				CLANG_WARN_DOCUMENTATION_COMMENTS = YES;
				CLANG_WARN_EMPTY_BODY = YES;
				CLANG_WARN_ENUM_CONVERSION = YES;
				CLANG_WARN_INFINITE_RECURSION = YES;
				CLANG_WARN_INT_CONVERSION = YES;
				CLANG_WARN_OBJC_ROOT_CLASS = YES_ERROR;
				CLANG_WARN_SUSPICIOUS_MOVE = YES;
				CLANG_WARN_UNREACHABLE_CODE = YES;
				CLANG_WARN__DUPLICATE_METHOD_MATCH = YES;
				CODE_SIGN_IDENTITY = "-";
				COPY_PHASE_STRIP = NO;
				DEBUG_INFORMATION_FORMAT = dwarf;
				ENABLE_STRICT_OBJC_MSGSEND = YES;
				ENABLE_TESTABILITY = YES;
				GCC_C_LANGUAGE_STANDARD = gnu99;
				GCC_DYNAMIC_NO_PIC = NO;
				GCC_NO_COMMON_BLOCKS = YES;
				GCC_OPTIMIZATION_LEVEL = 0;
				GCC_PREPROCESSOR_DEFINITIONS = (
					"DEBUG=1",
					"$(inherited)",
				);
				GCC_WARN_64_TO_32_BIT_CONVERSION = YES;
				GCC_WARN_ABOUT_RETURN_TYPE = YES_ERROR;
				GCC_WARN_UNDECLARED_SELECTOR = YES;
				GCC_WARN_UNINITIALIZED_AUTOS = YES_AGGRESSIVE;
				GCC_WARN_UNUSED_FUNCTION = YES;
				GCC_WARN_UNUSED_VARIABLE = YES;
				MACOSX_DEPLOYMENT_TARGET = 10.12;
				MTL_ENABLE_DEBUG_INFO = YES;
				ONLY_ACTIVE_ARCH = YES;
				SDKROOT = macosx;
			};
			name = Debug;
		};
		6143807C1EF3F28D00B2F6D8 /* Release */ = {
			isa = XCBuildConfiguration;
			buildSettings = {
				ALWAYS_SEARCH_USER_PATHS = NO;
				CLANG_ANALYZER_NONNULL = YES;
				CLANG_CXX_LANGUAGE_STANDARD = "gnu++0x";
				CLANG_CXX_LIBRARY = "libc++";
				CLANG_ENABLE_MODULES = YES;
				CLANG_ENABLE_OBJC_ARC = YES;
				CLANG_WARN_BOOL_CONVERSION = YES;
				CLANG_WARN_CONSTANT_CONVERSION = YES;
				CLANG_WARN_DIRECT_OBJC_ISA_USAGE = YES_ERROR;
				CLANG_WARN_DOCUMENTATION_COMMENTS = YES;
				CLANG_WARN_EMPTY_BODY = YES;
				CLANG_WARN_ENUM_CONVERSION = YES;
				CLANG_WARN_INFINITE_RECURSION = YES;
				CLANG_WARN_INT_CONVERSION = YES;
				CLANG_WARN_OBJC_ROOT_CLASS = YES_ERROR;
				CLANG_WARN_SUSPICIOUS_MOVE = YES;
				CLANG_WARN_UNREACHABLE_CODE = YES;
				CLANG_WARN__DUPLICATE_METHOD_MATCH = YES;
				CODE_SIGN_IDENTITY = "-";
				COPY_PHASE_STRIP = NO;
				DEBUG_INFORMATION_FORMAT = "dwarf-with-dsym";
				ENABLE_NS_ASSERTIONS = NO;
				ENABLE_STRICT_OBJC_MSGSEND = YES;
				GCC_C_LANGUAGE_STANDARD = gnu99;
				GCC_NO_COMMON_BLOCKS = YES;
				GCC_WARN_64_TO_32_BIT_CONVERSION = YES;
				GCC_WARN_ABOUT_RETURN_TYPE = YES_ERROR;
				GCC_WARN_UNDECLARED_SELECTOR = YES;
				GCC_WARN_UNINITIALIZED_AUTOS = YES_AGGRESSIVE;
				GCC_WARN_UNUSED_FUNCTION = YES;
				GCC_WARN_UNUSED_VARIABLE = YES;
				MACOSX_DEPLOYMENT_TARGET = 10.12;
				MTL_ENABLE_DEBUG_INFO = NO;
				SDKROOT = macosx;
			};
			name = Release;
		};
		6143807E1EF3F28D00B2F6D8 /* Debug */ = {
			isa = XCBuildConfiguration;
			buildSettings = {
				ARCHS = "$(ARCHS_STANDARD)";
				COMBINE_HIDPI_IMAGES = YES;
				FRAMEWORK_SEARCH_PATHS = (
					"$(inherited)",
					"$(LOCAL_LIBRARY_DIR)/Frameworks",
				);
				HEADER_SEARCH_PATHS = /Library/Frameworks/CsoundLib64.framework/Headers;
				INFOPLIST_FILE = CsoundUnity/Info.plist;
				INSTALL_PATH = "$(LOCAL_LIBRARY_DIR)/Bundles";
				PRODUCT_BUNDLE_IDENTIFIER = sdgdf.CsoundUnity;
				PRODUCT_NAME = "$(TARGET_NAME)";
				SKIP_INSTALL = YES;
				WRAPPER_EXTENSION = bundle;
			};
			name = Debug;
		};
		6143807F1EF3F28D00B2F6D8 /* Release */ = {
			isa = XCBuildConfiguration;
			buildSettings = {
				ARCHS = "$(ARCHS_STANDARD)";
				COMBINE_HIDPI_IMAGES = YES;
				FRAMEWORK_SEARCH_PATHS = (
					"$(inherited)",
					"$(LOCAL_LIBRARY_DIR)/Frameworks",
				);
				HEADER_SEARCH_PATHS = /Library/Frameworks/CsoundLib64.framework/Headers;
				INFOPLIST_FILE = CsoundUnity/Info.plist;
				INSTALL_PATH = "$(LOCAL_LIBRARY_DIR)/Bundles";
				PRODUCT_BUNDLE_IDENTIFIER = sdgdf.CsoundUnity;
				PRODUCT_NAME = "$(TARGET_NAME)";
				SKIP_INSTALL = YES;
				WRAPPER_EXTENSION = bundle;
			};
			name = Release;
		};
/* End XCBuildConfiguration section */

/* Begin XCConfigurationList section */
		614380721EF3F28C00B2F6D8 /* Build configuration list for PBXProject "CsoundUnity" */ = {
			isa = XCConfigurationList;
			buildConfigurations = (
				6143807B1EF3F28D00B2F6D8 /* Debug */,
				6143807C1EF3F28D00B2F6D8 /* Release */,
			);
			defaultConfigurationIsVisible = 0;
			defaultConfigurationName = Release;
		};
		6143807D1EF3F28D00B2F6D8 /* Build configuration list for PBXNativeTarget "CsoundUnity" */ = {
			isa = XCConfigurationList;
			buildConfigurations = (
				6143807E1EF3F28D00B2F6D8 /* Debug */,
				6143807F1EF3F28D00B2F6D8 /* Release */,
			);
			defaultConfigurationIsVisible = 0;
			defaultConfigurationName = Release;
		};
/* End XCConfigurationList section */
	};
	rootObject = 6143806F1EF3F28C00B2F6D8 /* Project object */;
}
